
Microsoft Visual Studio Solution File, Format Version 12.00
# Visual Studio 15
VisualStudioVersion = 15.0.28307.421
MinimumVisualStudioVersion = 10.0.40219.1
Project("{9A19103F-16F7-4668-BE54-9A1E7A4F7556}") = "Catalog", "Catalog\Catalog.csproj", "{6ACC1634-3059-41BF-B51D-13E7B274F130}"
EndProject
Project("{9A19103F-16F7-4668-BE54-9A1E7A4F7556}") = "Catalog.DAL", "Catalog.DAL\Catalog.DAL.csproj", "{49AC256F-DF99-4041-804E-A42782063D75}"
EndProject
Project("{9A19103F-16F7-4668-BE54-9A1E7A4F7556}") = "Catalog.BLL", "Catalog.BLL\Catalog.BLL.csproj", "{F986C452-3BA3-417B-84CE-BCC8518A2578}"
EndProject
Project("{9A19103F-16F7-4668-BE54-9A1E7A4F7556}") = "Catalog.Tests", "Catalog.Tests\Catalog.Tests.csproj", "{AE137193-52B0-445B-819B-633CE2C38990}"
EndProject
Global
	GlobalSection(SolutionConfigurationPlatforms) = preSolution
		Debug|Any CPU = Debug|Any CPU
		Release|Any CPU = Release|Any CPU
	EndGlobalSection
	GlobalSection(ProjectConfigurationPlatforms) = postSolution
		{6ACC1634-3059-41BF-B51D-13E7B274F130}.Debug|Any CPU.ActiveCfg = Debug|Any CPU
		{6ACC1634-3059-41BF-B51D-13E7B274F130}.Debug|Any CPU.Build.0 = Debug|Any CPU
		{6ACC1634-3059-41BF-B51D-13E7B274F130}.Release|Any CPU.ActiveCfg = Release|Any CPU
		{6ACC1634-3059-41BF-B51D-13E7B274F130}.Release|Any CPU.Build.0 = Release|Any CPU
		{49AC256F-DF99-4041-804E-A42782063D75}.Debug|Any CPU.ActiveCfg = Debug|Any CPU
		{49AC256F-DF99-4041-804E-A42782063D75}.Debug|Any CPU.Build.0 = Debug|Any CPU
		{49AC256F-DF99-4041-804E-A42782063D75}.Release|Any CPU.ActiveCfg = Release|Any CPU
		{49AC256F-DF99-4041-804E-A42782063D75}.Release|Any CPU.Build.0 = Release|Any CPU
		{F986C452-3BA3-417B-84CE-BCC8518A2578}.Debug|Any CPU.ActiveCfg = Debug|Any CPU
		{F986C452-3BA3-417B-84CE-BCC8518A2578}.Debug|Any CPU.Build.0 = Debug|Any CPU
		{F986C452-3BA3-417B-84CE-BCC8518A2578}.Release|Any CPU.ActiveCfg = Release|Any CPU
		{F986C452-3BA3-417B-84CE-BCC8518A2578}.Release|Any CPU.Build.0 = Release|Any CPU
		{AE137193-52B0-445B-819B-633CE2C38990}.Debug|Any CPU.ActiveCfg = Debug|Any CPU
		{AE137193-52B0-445B-819B-633CE2C38990}.Debug|Any CPU.Build.0 = Debug|Any CPU
		{AE137193-52B0-445B-819B-633CE2C38990}.Release|Any CPU.ActiveCfg = Release|Any CPU
		{AE137193-52B0-445B-819B-633CE2C38990}.Release|Any CPU.Build.0 = Release|Any CPU
	EndGlobalSection
	GlobalSection(SolutionProperties) = preSolution
		HideSolutionNode = FALSE
	EndGlobalSection
	GlobalSection(ExtensibilityGlobals) = postSolution
		SolutionGuid = {AB647EBC-B55D-4A53-822D-7EAC49B5EB00}
	EndGlobalSection
EndGlobal
